# This file is automatically @generated by Cargo.
# It is not intended for manual editing.
version = 3

[[package]]
name = "cache_simulator"
version = "0.1.0"
dependencies = [
 "fast-math",
 "pad",
]

[[package]]
name = "fast-math"
version = "0.1.1"
source = "registry+https://github.com/rust-lang/crates.io-index"
checksum = "2465292146cdfc2011350fe3b1c616ac83cf0faeedb33463ba1c332ed8948d66"
dependencies = [
 "ieee754",
]

[[package]]
name = "ieee754"
version = "0.2.6"
source = "registry+https://github.com/rust-lang/crates.io-index"
checksum = "9007da9cacbd3e6343da136e98b0d2df013f553d35bdec8b518f07bea768e19c"

[[package]]
name = "pad"
version = "0.1.6"
source = "registry+https://github.com/rust-lang/crates.io-index"
checksum = "d2ad9b889f1b12e0b9ee24db044b5129150d5eada288edc800f789928dc8c0e3"
dependencies = [
 "unicode-width",
]

[[package]]
name = "unicode-width"
version = "0.1.10"
source = "registry+https://github.com/rust-lang/crates.io-index"
checksum = "c0edd1e5b14653f783770bce4a4dabb4a5108a5370a5f5d8cfe8710c361f6c8b"
